
Microsoft Visual Studio Solution File, Format Version 12.00
# Visual Studio 15
VisualStudioVersion = 15.0.28307.1082
MinimumVisualStudioVersion = 10.0.40219.1
Project("{FAE04EC0-301F-11D3-BF4B-00C04F79EFBC}") = "UnlockAllAtStart", "UnlockAllAtStart\UnlockAllAtStart.csproj", "{29EAC41B-E843-4CBA-AE19-443C64AB9861}"
EndProject
Project("{FAE04EC0-301F-11D3-BF4B-00C04F79EFBC}") = "MoreResourcesAtStart", "MoreResourcesAtStart\MoreResourcesAtStart.csproj", "{CA2E3C87-87D3-49C3-9CB9-DFD7AA4374D5}"
EndProject
Project("{FAE04EC0-301F-11D3-BF4B-00C04F79EFBC}") = "BiggerFoodMachines", "BiggerFoodMachines\BiggerFoodMachines.csproj", "{76F95653-396B-4B98-AA52-AAF3C7DD7BDF}"
EndProject
Project("{2150E333-8FDC-42A3-9474-1A3956D46DE8}") = "JPFarias", "JPFarias", "{0C14CECF-82E2-4DB7-8949-434382E9A293}"
EndProject
Project("{2150E333-8FDC-42A3-9474-1A3956D46DE8}") = "Solution Items", "Solution Items", "{2CB6ABBB-B002-461B-9824-7D3A905AB9C5}"
	ProjectSection(SolutionItems) = preProject
		Directory.Build.props = Directory.Build.props
		UnityModManagerSetup\install-planetbase-to-umm.ps1 = UnityModManagerSetup\install-planetbase-to-umm.ps1
		PackFiles.ps1 = PackFiles.ps1
		README.md = README.md
	EndProjectSection
EndProject
Project("{FAE04EC0-301F-11D3-BF4B-00C04F79EFBC}") = "UnityModManagerTest", "UnityModManagerTest\UnityModManagerTest.csproj", "{D3A0D0DE-6B30-4EB6-8D68-4985B2AD2530}"
EndProject
Project("{FAE04EC0-301F-11D3-BF4B-00C04F79EFBC}") = "_Utilities", "_Utilities\_Utilities.csproj", "{9D8AAB70-1302-465E-AC17-5AD525E3C4EE}"
EndProject
Project("{FAE04EC0-301F-11D3-BF4B-00C04F79EFBC}") = "AutoConnections", "JPF_AutoConnections\AutoConnections.csproj", "{D00E2232-C17C-44D9-AB0A-14AA331E5AC6}"
EndProject
Project("{FAE04EC0-301F-11D3-BF4B-00C04F79EFBC}") = "CameraOverhaul", "JPF_CameraOverhaul\CameraOverhaul.csproj", "{6310AE4E-9ABE-450A-8871-EBAA9BF3A577}"
EndProject
Project("{FAE04EC0-301F-11D3-BF4B-00C04F79EFBC}") = "PBModBuildHelper", "PBModBuildHelper\PBModBuildHelper.csproj", "{1913B66B-A2F8-45B4-8210-8D5086CFB0FB}"
EndProject
Project("{FAE04EC0-301F-11D3-BF4B-00C04F79EFBC}") = "SkipIntro", "JPF_SkipIntro\SkipIntro.csproj", "{20F7FA59-5346-49F7-BFA1-C63461F00052}"
EndProject
Global
	GlobalSection(SolutionConfigurationPlatforms) = preSolution
		Debug|Any CPU = Debug|Any CPU
		Release|Any CPU = Release|Any CPU
	EndGlobalSection
	GlobalSection(ProjectConfigurationPlatforms) = postSolution
		{29EAC41B-E843-4CBA-AE19-443C64AB9861}.Debug|Any CPU.ActiveCfg = Debug|Any CPU
		{29EAC41B-E843-4CBA-AE19-443C64AB9861}.Debug|Any CPU.Build.0 = Debug|Any CPU
		{29EAC41B-E843-4CBA-AE19-443C64AB9861}.Release|Any CPU.ActiveCfg = Release|Any CPU
		{29EAC41B-E843-4CBA-AE19-443C64AB9861}.Release|Any CPU.Build.0 = Release|Any CPU
		{CA2E3C87-87D3-49C3-9CB9-DFD7AA4374D5}.Debug|Any CPU.ActiveCfg = Debug|Any CPU
		{CA2E3C87-87D3-49C3-9CB9-DFD7AA4374D5}.Debug|Any CPU.Build.0 = Debug|Any CPU
		{CA2E3C87-87D3-49C3-9CB9-DFD7AA4374D5}.Release|Any CPU.ActiveCfg = Release|Any CPU
		{CA2E3C87-87D3-49C3-9CB9-DFD7AA4374D5}.Release|Any CPU.Build.0 = Release|Any CPU
		{76F95653-396B-4B98-AA52-AAF3C7DD7BDF}.Debug|Any CPU.ActiveCfg = Debug|Any CPU
		{76F95653-396B-4B98-AA52-AAF3C7DD7BDF}.Debug|Any CPU.Build.0 = Debug|Any CPU
		{76F95653-396B-4B98-AA52-AAF3C7DD7BDF}.Release|Any CPU.ActiveCfg = Release|Any CPU
		{76F95653-396B-4B98-AA52-AAF3C7DD7BDF}.Release|Any CPU.Build.0 = Release|Any CPU
		{D3A0D0DE-6B30-4EB6-8D68-4985B2AD2530}.Debug|Any CPU.ActiveCfg = Debug|Any CPU
		{D3A0D0DE-6B30-4EB6-8D68-4985B2AD2530}.Debug|Any CPU.Build.0 = Debug|Any CPU
		{D3A0D0DE-6B30-4EB6-8D68-4985B2AD2530}.Release|Any CPU.ActiveCfg = Release|Any CPU
		{D3A0D0DE-6B30-4EB6-8D68-4985B2AD2530}.Release|Any CPU.Build.0 = Release|Any CPU
		{9D8AAB70-1302-465E-AC17-5AD525E3C4EE}.Debug|Any CPU.ActiveCfg = Debug|Any CPU
		{9D8AAB70-1302-465E-AC17-5AD525E3C4EE}.Debug|Any CPU.Build.0 = Debug|Any CPU
		{9D8AAB70-1302-465E-AC17-5AD525E3C4EE}.Release|Any CPU.ActiveCfg = Release|Any CPU
		{9D8AAB70-1302-465E-AC17-5AD525E3C4EE}.Release|Any CPU.Build.0 = Release|Any CPU
		{D00E2232-C17C-44D9-AB0A-14AA331E5AC6}.Debug|Any CPU.ActiveCfg = Debug|Any CPU
		{D00E2232-C17C-44D9-AB0A-14AA331E5AC6}.Debug|Any CPU.Build.0 = Debug|Any CPU
		{D00E2232-C17C-44D9-AB0A-14AA331E5AC6}.Release|Any CPU.ActiveCfg = Release|Any CPU
		{D00E2232-C17C-44D9-AB0A-14AA331E5AC6}.Release|Any CPU.Build.0 = Release|Any CPU
		{6310AE4E-9ABE-450A-8871-EBAA9BF3A577}.Debug|Any CPU.ActiveCfg = Debug|Any CPU
		{6310AE4E-9ABE-450A-8871-EBAA9BF3A577}.Debug|Any CPU.Build.0 = Debug|Any CPU
		{6310AE4E-9ABE-450A-8871-EBAA9BF3A577}.Release|Any CPU.ActiveCfg = Release|Any CPU
		{6310AE4E-9ABE-450A-8871-EBAA9BF3A577}.Release|Any CPU.Build.0 = Release|Any CPU
		{1913B66B-A2F8-45B4-8210-8D5086CFB0FB}.Debug|Any CPU.ActiveCfg = Debug|Any CPU
		{1913B66B-A2F8-45B4-8210-8D5086CFB0FB}.Debug|Any CPU.Build.0 = Debug|Any CPU
		{1913B66B-A2F8-45B4-8210-8D5086CFB0FB}.Release|Any CPU.ActiveCfg = Release|Any CPU
		{1913B66B-A2F8-45B4-8210-8D5086CFB0FB}.Release|Any CPU.Build.0 = Release|Any CPU
		{20F7FA59-5346-49F7-BFA1-C63461F00052}.Debug|Any CPU.ActiveCfg = Debug|Any CPU
		{20F7FA59-5346-49F7-BFA1-C63461F00052}.Debug|Any CPU.Build.0 = Debug|Any CPU
		{20F7FA59-5346-49F7-BFA1-C63461F00052}.Release|Any CPU.ActiveCfg = Release|Any CPU
		{20F7FA59-5346-49F7-BFA1-C63461F00052}.Release|Any CPU.Build.0 = Release|Any CPU
	EndGlobalSection
	GlobalSection(SolutionProperties) = preSolution
		HideSolutionNode = FALSE
	EndGlobalSection
	GlobalSection(NestedProjects) = preSolution
		{D00E2232-C17C-44D9-AB0A-14AA331E5AC6} = {0C14CECF-82E2-4DB7-8949-434382E9A293}
		{6310AE4E-9ABE-450A-8871-EBAA9BF3A577} = {0C14CECF-82E2-4DB7-8949-434382E9A293}
		{20F7FA59-5346-49F7-BFA1-C63461F00052} = {0C14CECF-82E2-4DB7-8949-434382E9A293}
	EndGlobalSection
	GlobalSection(ExtensibilityGlobals) = postSolution
		SolutionGuid = {EB5FA77A-8E2A-48DE-9BAF-DA64EB081268}
	EndGlobalSection
EndGlobal
